// !$*UTF8*$!
{
	archiveVersion = 1;
	classes = {
	};
	objectVersion = 46;
	objects = {

/* Begin PBXBuildFile section */
		630570A21710DBAC00FCB6A2 /* SoundView.m in Sources */ = {isa = PBXBuildFile; fileRef = 630570A11710DBAC00FCB6A2 /* SoundView.m */; };
		63735FF81710109B002F8A65 /* UIKit.framework in Frameworks */ = {isa = PBXBuildFile; fileRef = 63735FF71710109B002F8A65 /* UIKit.framework */; };
		63735FFA1710109B002F8A65 /* Foundation.framework in Frameworks */ = {isa = PBXBuildFile; fileRef = 63735FF91710109B002F8A65 /* Foundation.framework */; };
		63735FFC1710109B002F8A65 /* CoreGraphics.framework in Frameworks */ = {isa = PBXBuildFile; fileRef = 63735FFB1710109B002F8A65 /* CoreGraphics.framework */; };
		637360021710109C002F8A65 /* InfoPlist.strings in Resources */ = {isa = PBXBuildFile; fileRef = 637360001710109C002F8A65 /* InfoPlist.strings */; };
		637360041710109C002F8A65 /* main.m in Sources */ = {isa = PBXBuildFile; fileRef = 637360031710109C002F8A65 /* main.m */; };
		637360081710109C002F8A65 /* AppDelegate.m in Sources */ = {isa = PBXBuildFile; fileRef = 637360071710109C002F8A65 /* AppDelegate.m */; };
		6373600A1710109C002F8A65 /* Default.png in Resources */ = {isa = PBXBuildFile; fileRef = 637360091710109C002F8A65 /* Default.png */; };
		6373600C1710109C002F8A65 /* Default@2x.png in Resources */ = {isa = PBXBuildFile; fileRef = 6373600B1710109C002F8A65 /* Default@2x.png */; };
		6373600E1710109C002F8A65 /* Default-568h@2x.png in Resources */ = {isa = PBXBuildFile; fileRef = 6373600D1710109C002F8A65 /* Default-568h@2x.png */; };
		637360111710109D002F8A65 /* MainStoryboard.storyboard in Resources */ = {isa = PBXBuildFile; fileRef = 6373600F1710109D002F8A65 /* MainStoryboard.storyboard */; };
		637360141710109D002F8A65 /* MainView.m in Sources */ = {isa = PBXBuildFile; fileRef = 637360131710109D002F8A65 /* MainView.m */; };
		6373601C1710109D002F8A65 /* SenTestingKit.framework in Frameworks */ = {isa = PBXBuildFile; fileRef = 6373601B1710109D002F8A65 /* SenTestingKit.framework */; };
		6373601D1710109D002F8A65 /* UIKit.framework in Frameworks */ = {isa = PBXBuildFile; fileRef = 63735FF71710109B002F8A65 /* UIKit.framework */; };
		6373601E1710109D002F8A65 /* Foundation.framework in Frameworks */ = {isa = PBXBuildFile; fileRef = 63735FF91710109B002F8A65 /* Foundation.framework */; };
		637360261710109D002F8A65 /* InfoPlist.strings in Resources */ = {isa = PBXBuildFile; fileRef = 637360241710109D002F8A65 /* InfoPlist.strings */; };
		637360291710109D002F8A65 /* HomesterTests.m in Sources */ = {isa = PBXBuildFile; fileRef = 637360281710109D002F8A65 /* HomesterTests.m */; };
		6373603817101229002F8A65 /* CamView.mm in Sources */ = {isa = PBXBuildFile; fileRef = 6373603717101229002F8A65 /* CamView.mm */; };
		6373603A171013DD002F8A65 /* opencv2.framework in Frameworks */ = {isa = PBXBuildFile; fileRef = 63736039171013DD002F8A65 /* opencv2.framework */; };
		6373604217101439002F8A65 /* Accelerate.framework in Frameworks */ = {isa = PBXBuildFile; fileRef = 6373603B17101439002F8A65 /* Accelerate.framework */; };
		6373604317101439002F8A65 /* AssetsLibrary.framework in Frameworks */ = {isa = PBXBuildFile; fileRef = 6373603C17101439002F8A65 /* AssetsLibrary.framework */; };
		6373604417101439002F8A65 /* AVFoundation.framework in Frameworks */ = {isa = PBXBuildFile; fileRef = 6373603D17101439002F8A65 /* AVFoundation.framework */; };
		6373604517101439002F8A65 /* CoreImage.framework in Frameworks */ = {isa = PBXBuildFile; fileRef = 6373603E17101439002F8A65 /* CoreImage.framework */; };
		6373604617101439002F8A65 /* CoreMedia.framework in Frameworks */ = {isa = PBXBuildFile; fileRef = 6373603F17101439002F8A65 /* CoreMedia.framework */; };
		6373604717101439002F8A65 /* CoreVideo.framework in Frameworks */ = {isa = PBXBuildFile; fileRef = 6373604017101439002F8A65 /* CoreVideo.framework */; };
		6373604817101439002F8A65 /* QuartzCore.framework in Frameworks */ = {isa = PBXBuildFile; fileRef = 6373604117101439002F8A65 /* QuartzCore.framework */; };
		6373604A17101678002F8A65 /* libc++.dylib in Frameworks */ = {isa = PBXBuildFile; fileRef = 6373604917101678002F8A65 /* libc++.dylib */; };
		6886714E1710E61E006CA0FD /* Social.framework in Frameworks */ = {isa = PBXBuildFile; fileRef = 6886714D1710E61E006CA0FD /* Social.framework */; };
		688671501710E941006CA0FD /* Accounts.framework in Frameworks */ = {isa = PBXBuildFile; fileRef = 6886714F1710E941006CA0FD /* Accounts.framework */; };
		68867154171141D0006CA0FD /* AudioToolbox.framework in Frameworks */ = {isa = PBXBuildFile; fileRef = 68867153171141D0006CA0FD /* AudioToolbox.framework */; };
		68867169171142B9006CA0FD /* cmu07a.dic in Resources */ = {isa = PBXBuildFile; fileRef = 68867159171142B9006CA0FD /* cmu07a.dic */; };
		6886716A171142B9006CA0FD /* cmu07a.dic in Resources */ = {isa = PBXBuildFile; fileRef = 68867159171142B9006CA0FD /* cmu07a.dic */; };
		6886716B171142B9006CA0FD /* feat.params in Resources */ = {isa = PBXBuildFile; fileRef = 6886715B171142B9006CA0FD /* feat.params */; };
		6886716C171142B9006CA0FD /* feat.params in Resources */ = {isa = PBXBuildFile; fileRef = 6886715B171142B9006CA0FD /* feat.params */; };
		6886716D171142B9006CA0FD /* mdef in Resources */ = {isa = PBXBuildFile; fileRef = 6886715C171142B9006CA0FD /* mdef */; };
		6886716E171142B9006CA0FD /* mdef in Resources */ = {isa = PBXBuildFile; fileRef = 6886715C171142B9006CA0FD /* mdef */; };
		6886716F171142B9006CA0FD /* means in Resources */ = {isa = PBXBuildFile; fileRef = 6886715D171142B9006CA0FD /* means */; };
		68867170171142B9006CA0FD /* means in Resources */ = {isa = PBXBuildFile; fileRef = 6886715D171142B9006CA0FD /* means */; };
		68867171171142B9006CA0FD /* noisedict in Resources */ = {isa = PBXBuildFile; fileRef = 6886715E171142B9006CA0FD /* noisedict */; };
		68867172171142B9006CA0FD /* noisedict in Resources */ = {isa = PBXBuildFile; fileRef = 6886715E171142B9006CA0FD /* noisedict */; };
		68867173171142B9006CA0FD /* sendump in Resources */ = {isa = PBXBuildFile; fileRef = 6886715F171142B9006CA0FD /* sendump */; };
		68867174171142B9006CA0FD /* sendump in Resources */ = {isa = PBXBuildFile; fileRef = 6886715F171142B9006CA0FD /* sendump */; };
		68867175171142B9006CA0FD /* transition_matrices in Resources */ = {isa = PBXBuildFile; fileRef = 68867160171142B9006CA0FD /* transition_matrices */; };
		68867176171142B9006CA0FD /* transition_matrices in Resources */ = {isa = PBXBuildFile; fileRef = 68867160171142B9006CA0FD /* transition_matrices */; };
		68867177171142B9006CA0FD /* variances in Resources */ = {isa = PBXBuildFile; fileRef = 68867161171142B9006CA0FD /* variances */; };
		68867178171142B9006CA0FD /* variances in Resources */ = {isa = PBXBuildFile; fileRef = 68867161171142B9006CA0FD /* variances */; };
		68867179171142B9006CA0FD /* OpenEars.framework in Frameworks */ = {isa = PBXBuildFile; fileRef = 68867162171142B9006CA0FD /* OpenEars.framework */; };
		6886717A171142B9006CA0FD /* OpenEars.framework in Frameworks */ = {isa = PBXBuildFile; fileRef = 68867162171142B9006CA0FD /* OpenEars.framework */; };
		6886717B171142B9006CA0FD /* OpenEars1.dic in Resources */ = {isa = PBXBuildFile; fileRef = 68867163171142B9006CA0FD /* OpenEars1.dic */; };
		6886717C171142B9006CA0FD /* OpenEars1.dic in Resources */ = {isa = PBXBuildFile; fileRef = 68867163171142B9006CA0FD /* OpenEars1.dic */; };
		6886717D171142B9006CA0FD /* OpenEars1.gram in Resources */ = {isa = PBXBuildFile; fileRef = 68867164171142B9006CA0FD /* OpenEars1.gram */; };
		6886717E171142B9006CA0FD /* OpenEars1.gram in Resources */ = {isa = PBXBuildFile; fileRef = 68867164171142B9006CA0FD /* OpenEars1.gram */; };
		6886717F171142B9006CA0FD /* OpenEars1.languagemodel in Resources */ = {isa = PBXBuildFile; fileRef = 68867165171142B9006CA0FD /* OpenEars1.languagemodel */; };
		68867180171142B9006CA0FD /* OpenEars1.languagemodel in Resources */ = {isa = PBXBuildFile; fileRef = 68867165171142B9006CA0FD /* OpenEars1.languagemodel */; };
		68867181171142B9006CA0FD /* OpenEars2.gram in Resources */ = {isa = PBXBuildFile; fileRef = 68867166171142B9006CA0FD /* OpenEars2.gram */; };
		68867182171142B9006CA0FD /* OpenEars2.gram in Resources */ = {isa = PBXBuildFile; fileRef = 68867166171142B9006CA0FD /* OpenEars2.gram */; };
		68867183171142B9006CA0FD /* OpenEarsCorpus.txt in Resources */ = {isa = PBXBuildFile; fileRef = 68867167171142B9006CA0FD /* OpenEarsCorpus.txt */; };
		68867184171142B9006CA0FD /* OpenEarsCorpus.txt in Resources */ = {isa = PBXBuildFile; fileRef = 68867167171142B9006CA0FD /* OpenEarsCorpus.txt */; };
		68867185171142B9006CA0FD /* Slt.framework in Frameworks */ = {isa = PBXBuildFile; fileRef = 68867168171142B9006CA0FD /* Slt.framework */; };
		68867186171142B9006CA0FD /* Slt.framework in Frameworks */ = {isa = PBXBuildFile; fileRef = 68867168171142B9006CA0FD /* Slt.framework */; };
/* End PBXBuildFile section */

/* Begin PBXContainerItemProxy section */
		6373601F1710109D002F8A65 /* PBXContainerItemProxy */ = {
			isa = PBXContainerItemProxy;
			containerPortal = 63735FEC1710109B002F8A65 /* Project object */;
			proxyType = 1;
			remoteGlobalIDString = 63735FF31710109B002F8A65;
			remoteInfo = Homester;
		};
/* End PBXContainerItemProxy section */

/* Begin PBXFileReference section */
		630570A01710DBAC00FCB6A2 /* SoundView.h */ = {isa = PBXFileReference; fileEncoding = 4; lastKnownFileType = sourcecode.c.h; path = SoundView.h; sourceTree = "<group>"; };
		630570A11710DBAC00FCB6A2 /* SoundView.m */ = {isa = PBXFileReference; fileEncoding = 4; lastKnownFileType = sourcecode.c.objc; path = SoundView.m; sourceTree = "<group>"; };
		63735FF41710109B002F8A65 /* Homester.app */ = {isa = PBXFileReference; explicitFileType = wrapper.application; includeInIndex = 0; path = Homester.app; sourceTree = BUILT_PRODUCTS_DIR; };
		63735FF71710109B002F8A65 /* UIKit.framework */ = {isa = PBXFileReference; lastKnownFileType = wrapper.framework; name = UIKit.framework; path = System/Library/Frameworks/UIKit.framework; sourceTree = SDKROOT; };
		63735FF91710109B002F8A65 /* Foundation.framework */ = {isa = PBXFileReference; lastKnownFileType = wrapper.framework; name = Foundation.framework; path = System/Library/Frameworks/Foundation.framework; sourceTree = SDKROOT; };
		63735FFB1710109B002F8A65 /* CoreGraphics.framework */ = {isa = PBXFileReference; lastKnownFileType = wrapper.framework; name = CoreGraphics.framework; path = System/Library/Frameworks/CoreGraphics.framework; sourceTree = SDKROOT; };
		63735FFF1710109C002F8A65 /* Homester-Info.plist */ = {isa = PBXFileReference; lastKnownFileType = text.plist.xml; path = "Homester-Info.plist"; sourceTree = "<group>"; };
		637360011710109C002F8A65 /* en */ = {isa = PBXFileReference; lastKnownFileType = text.plist.strings; name = en; path = en.lproj/InfoPlist.strings; sourceTree = "<group>"; };
		637360031710109C002F8A65 /* main.m */ = {isa = PBXFileReference; lastKnownFileType = sourcecode.c.objc; path = main.m; sourceTree = "<group>"; };
		637360051710109C002F8A65 /* Homester-Prefix.pch */ = {isa = PBXFileReference; lastKnownFileType = sourcecode.c.h; path = "Homester-Prefix.pch"; sourceTree = "<group>"; };
		637360061710109C002F8A65 /* AppDelegate.h */ = {isa = PBXFileReference; lastKnownFileType = sourcecode.c.h; path = AppDelegate.h; sourceTree = "<group>"; };
		637360071710109C002F8A65 /* AppDelegate.m */ = {isa = PBXFileReference; lastKnownFileType = sourcecode.c.objc; path = AppDelegate.m; sourceTree = "<group>"; };
		637360091710109C002F8A65 /* Default.png */ = {isa = PBXFileReference; lastKnownFileType = image.png; path = Default.png; sourceTree = "<group>"; };
		6373600B1710109C002F8A65 /* Default@2x.png */ = {isa = PBXFileReference; lastKnownFileType = image.png; path = "Default@2x.png"; sourceTree = "<group>"; };
		6373600D1710109C002F8A65 /* Default-568h@2x.png */ = {isa = PBXFileReference; lastKnownFileType = image.png; path = "Default-568h@2x.png"; sourceTree = "<group>"; };
		637360101710109D002F8A65 /* en */ = {isa = PBXFileReference; lastKnownFileType = file.storyboard; name = en; path = en.lproj/MainStoryboard.storyboard; sourceTree = "<group>"; };
		637360121710109D002F8A65 /* MainView.h */ = {isa = PBXFileReference; lastKnownFileType = sourcecode.c.h; path = MainView.h; sourceTree = "<group>"; };
		637360131710109D002F8A65 /* MainView.m */ = {isa = PBXFileReference; lastKnownFileType = sourcecode.c.objc; path = MainView.m; sourceTree = "<group>"; };
		6373601A1710109D002F8A65 /* HomesterTests.octest */ = {isa = PBXFileReference; explicitFileType = wrapper.cfbundle; includeInIndex = 0; path = HomesterTests.octest; sourceTree = BUILT_PRODUCTS_DIR; };
		6373601B1710109D002F8A65 /* SenTestingKit.framework */ = {isa = PBXFileReference; lastKnownFileType = wrapper.framework; name = SenTestingKit.framework; path = Library/Frameworks/SenTestingKit.framework; sourceTree = DEVELOPER_DIR; };
		637360231710109D002F8A65 /* HomesterTests-Info.plist */ = {isa = PBXFileReference; lastKnownFileType = text.plist.xml; path = "HomesterTests-Info.plist"; sourceTree = "<group>"; };
		637360251710109D002F8A65 /* en */ = {isa = PBXFileReference; lastKnownFileType = text.plist.strings; name = en; path = en.lproj/InfoPlist.strings; sourceTree = "<group>"; };
		637360271710109D002F8A65 /* HomesterTests.h */ = {isa = PBXFileReference; lastKnownFileType = sourcecode.c.h; path = HomesterTests.h; sourceTree = "<group>"; };
		637360281710109D002F8A65 /* HomesterTests.m */ = {isa = PBXFileReference; lastKnownFileType = sourcecode.c.objc; path = HomesterTests.m; sourceTree = "<group>"; };
		6373603617101229002F8A65 /* CamView.h */ = {isa = PBXFileReference; fileEncoding = 4; lastKnownFileType = sourcecode.c.h; path = CamView.h; sourceTree = "<group>"; };
		6373603717101229002F8A65 /* CamView.mm */ = {isa = PBXFileReference; fileEncoding = 4; lastKnownFileType = sourcecode.cpp.objcpp; path = CamView.mm; sourceTree = "<group>"; };
		63736039171013DD002F8A65 /* opencv2.framework */ = {isa = PBXFileReference; lastKnownFileType = wrapper.framework; path = opencv2.framework; sourceTree = "<group>"; };
		6373603B17101439002F8A65 /* Accelerate.framework */ = {isa = PBXFileReference; lastKnownFileType = wrapper.framework; name = Accelerate.framework; path = System/Library/Frameworks/Accelerate.framework; sourceTree = SDKROOT; };
		6373603C17101439002F8A65 /* AssetsLibrary.framework */ = {isa = PBXFileReference; lastKnownFileType = wrapper.framework; name = AssetsLibrary.framework; path = System/Library/Frameworks/AssetsLibrary.framework; sourceTree = SDKROOT; };
		6373603D17101439002F8A65 /* AVFoundation.framework */ = {isa = PBXFileReference; lastKnownFileType = wrapper.framework; name = AVFoundation.framework; path = System/Library/Frameworks/AVFoundation.framework; sourceTree = SDKROOT; };
		6373603E17101439002F8A65 /* CoreImage.framework */ = {isa = PBXFileReference; lastKnownFileType = wrapper.framework; name = CoreImage.framework; path = System/Library/Frameworks/CoreImage.framework; sourceTree = SDKROOT; };
		6373603F17101439002F8A65 /* CoreMedia.framework */ = {isa = PBXFileReference; lastKnownFileType = wrapper.framework; name = CoreMedia.framework; path = System/Library/Frameworks/CoreMedia.framework; sourceTree = SDKROOT; };
		6373604017101439002F8A65 /* CoreVideo.framework */ = {isa = PBXFileReference; lastKnownFileType = wrapper.framework; name = CoreVideo.framework; path = System/Library/Frameworks/CoreVideo.framework; sourceTree = SDKROOT; };
		6373604117101439002F8A65 /* QuartzCore.framework */ = {isa = PBXFileReference; lastKnownFileType = wrapper.framework; name = QuartzCore.framework; path = System/Library/Frameworks/QuartzCore.framework; sourceTree = SDKROOT; };
		6373604917101678002F8A65 /* libc++.dylib */ = {isa = PBXFileReference; lastKnownFileType = "compiled.mach-o.dylib"; name = "libc++.dylib"; path = "usr/lib/libc++.dylib"; sourceTree = SDKROOT; };
		6886714D1710E61E006CA0FD /* Social.framework */ = {isa = PBXFileReference; lastKnownFileType = wrapper.framework; name = Social.framework; path = System/Library/Frameworks/Social.framework; sourceTree = SDKROOT; };
		6886714F1710E941006CA0FD /* Accounts.framework */ = {isa = PBXFileReference; lastKnownFileType = wrapper.framework; name = Accounts.framework; path = System/Library/Frameworks/Accounts.framework; sourceTree = SDKROOT; };
		68867153171141D0006CA0FD /* AudioToolbox.framework */ = {isa = PBXFileReference; lastKnownFileType = wrapper.framework; name = AudioToolbox.framework; path = System/Library/Frameworks/AudioToolbox.framework; sourceTree = SDKROOT; };
		68867159171142B9006CA0FD /* cmu07a.dic */ = {isa = PBXFileReference; fileEncoding = 4; lastKnownFileType = text; path = cmu07a.dic; sourceTree = "<group>"; };
		6886715B171142B9006CA0FD /* feat.params */ = {isa = PBXFileReference; fileEncoding = 4; lastKnownFileType = text; path = feat.params; sourceTree = "<group>"; };
		6886715C171142B9006CA0FD /* mdef */ = {isa = PBXFileReference; lastKnownFileType = file; path = mdef; sourceTree = "<group>"; };
		6886715D171142B9006CA0FD /* means */ = {isa = PBXFileReference; lastKnownFileType = file; path = means; sourceTree = "<group>"; };
		6886715E171142B9006CA0FD /* noisedict */ = {isa = PBXFileReference; fileEncoding = 4; lastKnownFileType = text; path = noisedict; sourceTree = "<group>"; };
		6886715F171142B9006CA0FD /* sendump */ = {isa = PBXFileReference; lastKnownFileType = file; path = sendump; sourceTree = "<group>"; };
		68867160171142B9006CA0FD /* transition_matrices */ = {isa = PBXFileReference; lastKnownFileType = file; path = transition_matrices; sourceTree = "<group>"; };
		68867161171142B9006CA0FD /* variances */ = {isa = PBXFileReference; lastKnownFileType = file; path = variances; sourceTree = "<group>"; };
		68867162171142B9006CA0FD /* OpenEars.framework */ = {isa = PBXFileReference; lastKnownFileType = wrapper.framework; path = OpenEars.framework; sourceTree = "<group>"; };
		68867163171142B9006CA0FD /* OpenEars1.dic */ = {isa = PBXFileReference; fileEncoding = 4; lastKnownFileType = text; path = OpenEars1.dic; sourceTree = "<group>"; };
		68867164171142B9006CA0FD /* OpenEars1.gram */ = {isa = PBXFileReference; fileEncoding = 4; lastKnownFileType = text; path = OpenEars1.gram; sourceTree = "<group>"; };
		68867165171142B9006CA0FD /* OpenEars1.languagemodel */ = {isa = PBXFileReference; fileEncoding = 4; lastKnownFileType = text; path = OpenEars1.languagemodel; sourceTree = "<group>"; };
		68867166171142B9006CA0FD /* OpenEars2.gram */ = {isa = PBXFileReference; fileEncoding = 4; lastKnownFileType = text; path = OpenEars2.gram; sourceTree = "<group>"; };
		68867167171142B9006CA0FD /* OpenEarsCorpus.txt */ = {isa = PBXFileReference; fileEncoding = 4; lastKnownFileType = text; path = OpenEarsCorpus.txt; sourceTree = "<group>"; };
		68867168171142B9006CA0FD /* Slt.framework */ = {isa = PBXFileReference; lastKnownFileType = wrapper.framework; path = Slt.framework; sourceTree = "<group>"; };
/* End PBXFileReference section */

/* Begin PBXFrameworksBuildPhase section */
		63735FF11710109B002F8A65 /* Frameworks */ = {
			isa = PBXFrameworksBuildPhase;
			buildActionMask = 2147483647;
			files = (
				6373604417101439002F8A65 /* AVFoundation.framework in Frameworks */,
				68867154171141D0006CA0FD /* AudioToolbox.framework in Frameworks */,
				6373604A17101678002F8A65 /* libc++.dylib in Frameworks */,
				688671501710E941006CA0FD /* Accounts.framework in Frameworks */,
				6373604217101439002F8A65 /* Accelerate.framework in Frameworks */,
				6373604317101439002F8A65 /* AssetsLibrary.framework in Frameworks */,
				6373604517101439002F8A65 /* CoreImage.framework in Frameworks */,
				6373604617101439002F8A65 /* CoreMedia.framework in Frameworks */,
				6373604717101439002F8A65 /* CoreVideo.framework in Frameworks */,
				6373604817101439002F8A65 /* QuartzCore.framework in Frameworks */,
				6886714E1710E61E006CA0FD /* Social.framework in Frameworks */,
				63735FFC1710109B002F8A65 /* CoreGraphics.framework in Frameworks */,
				63735FFA1710109B002F8A65 /* Foundation.framework in Frameworks */,
				63735FF81710109B002F8A65 /* UIKit.framework in Frameworks */,
				6373603A171013DD002F8A65 /* opencv2.framework in Frameworks */,
				68867179171142B9006CA0FD /* OpenEars.framework in Frameworks */,
				68867185171142B9006CA0FD /* Slt.framework in Frameworks */,
			);
			runOnlyForDeploymentPostprocessing = 0;
		};
		637360161710109D002F8A65 /* Frameworks */ = {
			isa = PBXFrameworksBuildPhase;
			buildActionMask = 2147483647;
			files = (
				6373601C1710109D002F8A65 /* SenTestingKit.framework in Frameworks */,
				6373601D1710109D002F8A65 /* UIKit.framework in Frameworks */,
				6373601E1710109D002F8A65 /* Foundation.framework in Frameworks */,
				6886717A171142B9006CA0FD /* OpenEars.framework in Frameworks */,
				68867186171142B9006CA0FD /* Slt.framework in Frameworks */,
			);
			runOnlyForDeploymentPostprocessing = 0;
		};
/* End PBXFrameworksBuildPhase section */

/* Begin PBXGroup section */
		63735FEB1710109B002F8A65 = {
			isa = PBXGroup;
			children = (
				68867153171141D0006CA0FD /* AudioToolbox.framework */,
				6373604917101678002F8A65 /* libc++.dylib */,
				63735FFD1710109B002F8A65 /* Homester */,
				637360211710109D002F8A65 /* HomesterTests */,
				63735FF61710109B002F8A65 /* Frameworks */,
				63735FF51710109B002F8A65 /* Products */,
			);
			sourceTree = "<group>";
		};
		63735FF51710109B002F8A65 /* Products */ = {
			isa = PBXGroup;
			children = (
				63735FF41710109B002F8A65 /* Homester.app */,
				6373601A1710109D002F8A65 /* HomesterTests.octest */,
			);
			name = Products;
			sourceTree = "<group>";
		};
		63735FF61710109B002F8A65 /* Frameworks */ = {
			isa = PBXGroup;
			children = (
				6373603B17101439002F8A65 /* Accelerate.framework */,
				6373603C17101439002F8A65 /* AssetsLibrary.framework */,
				6373603D17101439002F8A65 /* AVFoundation.framework */,
				6373603E17101439002F8A65 /* CoreImage.framework */,
				6373603F17101439002F8A65 /* CoreMedia.framework */,
				6373604017101439002F8A65 /* CoreVideo.framework */,
				6373604117101439002F8A65 /* QuartzCore.framework */,
				6886714F1710E941006CA0FD /* Accounts.framework */,
				6886714D1710E61E006CA0FD /* Social.framework */,
				63736039171013DD002F8A65 /* opencv2.framework */,
				63735FF71710109B002F8A65 /* UIKit.framework */,
				63735FF91710109B002F8A65 /* Foundation.framework */,
				63735FFB1710109B002F8A65 /* CoreGraphics.framework */,
				6373601B1710109D002F8A65 /* SenTestingKit.framework */,
			);
			name = Frameworks;
			sourceTree = "<group>";
		};
		63735FFD1710109B002F8A65 /* Homester */ = {
			isa = PBXGroup;
			children = (
				68867158171142B9006CA0FD /* Framework */,
				6373600F1710109D002F8A65 /* MainStoryboard.storyboard */,
				63736032171010C2002F8A65 /* ViewControllers */,
				637360061710109C002F8A65 /* AppDelegate.h */,
				637360071710109C002F8A65 /* AppDelegate.m */,
				63736033171010D1002F8A65 /* MyFiles */,
				63735FFE1710109C002F8A65 /* Supporting Files */,
			);
			path = Homester;
			sourceTree = "<group>";
		};
		63735FFE1710109C002F8A65 /* Supporting Files */ = {
			isa = PBXGroup;
			children = (
				63735FFF1710109C002F8A65 /* Homester-Info.plist */,
				637360001710109C002F8A65 /* InfoPlist.strings */,
				637360031710109C002F8A65 /* main.m */,
				637360051710109C002F8A65 /* Homester-Prefix.pch */,
				637360091710109C002F8A65 /* Default.png */,
				6373600B1710109C002F8A65 /* Default@2x.png */,
				6373600D1710109C002F8A65 /* Default-568h@2x.png */,
			);
			name = "Supporting Files";
			sourceTree = "<group>";
		};
		637360211710109D002F8A65 /* HomesterTests */ = {
			isa = PBXGroup;
			children = (
				637360271710109D002F8A65 /* HomesterTests.h */,
				637360281710109D002F8A65 /* HomesterTests.m */,
				637360221710109D002F8A65 /* Supporting Files */,
			);
			path = HomesterTests;
			sourceTree = "<group>";
		};
		637360221710109D002F8A65 /* Supporting Files */ = {
			isa = PBXGroup;
			children = (
				637360231710109D002F8A65 /* HomesterTests-Info.plist */,
				637360241710109D002F8A65 /* InfoPlist.strings */,
			);
			name = "Supporting Files";
			sourceTree = "<group>";
		};
		63736032171010C2002F8A65 /* ViewControllers */ = {
			isa = PBXGroup;
			children = (
				637360121710109D002F8A65 /* MainView.h */,
				637360131710109D002F8A65 /* MainView.m */,
				6373603617101229002F8A65 /* CamView.h */,
				6373603717101229002F8A65 /* CamView.mm */,
				630570A01710DBAC00FCB6A2 /* SoundView.h */,
				630570A11710DBAC00FCB6A2 /* SoundView.m */,
			);
			name = ViewControllers;
			sourceTree = "<group>";
		};
		63736033171010D1002F8A65 /* MyFiles */ = {
			isa = PBXGroup;
			children = (
				637360351710110E002F8A65 /* Images */,
				6373603417101105002F8A65 /* MyClasses */,
			);
			name = MyFiles;
			sourceTree = "<group>";
		};
		6373603417101105002F8A65 /* MyClasses */ = {
			isa = PBXGroup;
			children = (
			);
			name = MyClasses;
			sourceTree = "<group>";
		};
		637360351710110E002F8A65 /* Images */ = {
			isa = PBXGroup;
			children = (
			);
			name = Images;
			sourceTree = "<group>";
		};
		68867158171142B9006CA0FD /* Framework */ = {
			isa = PBXGroup;
			children = (
				68867159171142B9006CA0FD /* cmu07a.dic */,
				6886715A171142B9006CA0FD /* hub4wsj_sc_8k */,
				68867162171142B9006CA0FD /* OpenEars.framework */,
				68867163171142B9006CA0FD /* OpenEars1.dic */,
				68867164171142B9006CA0FD /* OpenEars1.gram */,
				68867165171142B9006CA0FD /* OpenEars1.languagemodel */,
				68867166171142B9006CA0FD /* OpenEars2.gram */,
				68867167171142B9006CA0FD /* OpenEarsCorpus.txt */,
				68867168171142B9006CA0FD /* Slt.framework */,
			);
			path = Framework;
			sourceTree = "<group>";
		};
		6886715A171142B9006CA0FD /* hub4wsj_sc_8k */ = {
			isa = PBXGroup;
			children = (
				6886715B171142B9006CA0FD /* feat.params */,
				6886715C171142B9006CA0FD /* mdef */,
				6886715D171142B9006CA0FD /* means */,
				6886715E171142B9006CA0FD /* noisedict */,
				6886715F171142B9006CA0FD /* sendump */,
				68867160171142B9006CA0FD /* transition_matrices */,
				68867161171142B9006CA0FD /* variances */,
			);
			path = hub4wsj_sc_8k;
			sourceTree = "<group>";
		};
/* End PBXGroup section */

/* Begin PBXNativeTarget section */
		63735FF31710109B002F8A65 /* Homester */ = {
			isa = PBXNativeTarget;
			buildConfigurationList = 6373602C1710109D002F8A65 /* Build configuration list for PBXNativeTarget "Homester" */;
			buildPhases = (
				63735FF01710109B002F8A65 /* Sources */,
				63735FF11710109B002F8A65 /* Frameworks */,
				63735FF21710109B002F8A65 /* Resources */,
			);
			buildRules = (
			);
			dependencies = (
			);
			name = Homester;
			productName = Homester;
			productReference = 63735FF41710109B002F8A65 /* Homester.app */;
			productType = "com.apple.product-type.application";
		};
		637360191710109D002F8A65 /* HomesterTests */ = {
			isa = PBXNativeTarget;
			buildConfigurationList = 6373602F1710109D002F8A65 /* Build configuration list for PBXNativeTarget "HomesterTests" */;
			buildPhases = (
				637360151710109D002F8A65 /* Sources */,
				637360161710109D002F8A65 /* Frameworks */,
				637360171710109D002F8A65 /* Resources */,
				637360181710109D002F8A65 /* ShellScript */,
			);
			buildRules = (
			);
			dependencies = (
				637360201710109D002F8A65 /* PBXTargetDependency */,
			);
			name = HomesterTests;
			productName = HomesterTests;
			productReference = 6373601A1710109D002F8A65 /* HomesterTests.octest */;
			productType = "com.apple.product-type.bundle";
		};
/* End PBXNativeTarget section */

/* Begin PBXProject section */
		63735FEC1710109B002F8A65 /* Project object */ = {
			isa = PBXProject;
			attributes = {
				LastUpgradeCheck = 0460;
				ORGANIZATIONNAME = homester;
			};
			buildConfigurationList = 63735FEF1710109B002F8A65 /* Build configuration list for PBXProject "Homester" */;
			compatibilityVersion = "Xcode 3.2";
			developmentRegion = English;
			hasScannedForEncodings = 0;
			knownRegions = (
				en,
			);
			mainGroup = 63735FEB1710109B002F8A65;
			productRefGroup = 63735FF51710109B002F8A65 /* Products */;
			projectDirPath = "";
			projectRoot = "";
			targets = (
				63735FF31710109B002F8A65 /* Homester */,
				637360191710109D002F8A65 /* HomesterTests */,
			);
		};
/* End PBXProject section */

/* Begin PBXResourcesBuildPhase section */
		63735FF21710109B002F8A65 /* Resources */ = {
			isa = PBXResourcesBuildPhase;
			buildActionMask = 2147483647;
			files = (
				637360021710109C002F8A65 /* InfoPlist.strings in Resources */,
				6373600A1710109C002F8A65 /* Default.png in Resources */,
				6373600C1710109C002F8A65 /* Default@2x.png in Resources */,
				6373600E1710109C002F8A65 /* Default-568h@2x.png in Resources */,
				637360111710109D002F8A65 /* MainStoryboard.storyboard in Resources */,
				68867169171142B9006CA0FD /* cmu07a.dic in Resources */,
				6886716B171142B9006CA0FD /* feat.params in Resources */,
				6886716D171142B9006CA0FD /* mdef in Resources */,
				6886716F171142B9006CA0FD /* means in Resources */,
				68867171171142B9006CA0FD /* noisedict in Resources */,
				68867173171142B9006CA0FD /* sendump in Resources */,
				68867175171142B9006CA0FD /* transition_matrices in Resources */,
				68867177171142B9006CA0FD /* variances in Resources */,
				6886717B171142B9006CA0FD /* OpenEars1.dic in Resources */,
				6886717D171142B9006CA0FD /* OpenEars1.gram in Resources */,
				6886717F171142B9006CA0FD /* OpenEars1.languagemodel in Resources */,
				68867181171142B9006CA0FD /* OpenEars2.gram in Resources */,
				68867183171142B9006CA0FD /* OpenEarsCorpus.txt in Resources */,
			);
			runOnlyForDeploymentPostprocessing = 0;
		};
		637360171710109D002F8A65 /* Resources */ = {
			isa = PBXResourcesBuildPhase;
			buildActionMask = 2147483647;
			files = (
				637360261710109D002F8A65 /* InfoPlist.strings in Resources */,
				6886716A171142B9006CA0FD /* cmu07a.dic in Resources */,
				6886716C171142B9006CA0FD /* feat.params in Resources */,
				6886716E171142B9006CA0FD /* mdef in Resources */,
				68867170171142B9006CA0FD /* means in Resources */,
				68867172171142B9006CA0FD /* noisedict in Resources */,
				68867174171142B9006CA0FD /* sendump in Resources */,
				68867176171142B9006CA0FD /* transition_matrices in Resources */,
				68867178171142B9006CA0FD /* variances in Resources */,
				6886717C171142B9006CA0FD /* OpenEars1.dic in Resources */,
				6886717E171142B9006CA0FD /* OpenEars1.gram in Resources */,
				68867180171142B9006CA0FD /* OpenEars1.languagemodel in Resources */,
				68867182171142B9006CA0FD /* OpenEars2.gram in Resources */,
				68867184171142B9006CA0FD /* OpenEarsCorpus.txt in Resources */,
			);
			runOnlyForDeploymentPostprocessing = 0;
		};
/* End PBXResourcesBuildPhase section */

/* Begin PBXShellScriptBuildPhase section */
		637360181710109D002F8A65 /* ShellScript */ = {
			isa = PBXShellScriptBuildPhase;
			buildActionMask = 2147483647;
			files = (
			);
			inputPaths = (
			);
			outputPaths = (
			);
			runOnlyForDeploymentPostprocessing = 0;
			shellPath = /bin/sh;
			shellScript = "# Run the unit tests in this test bundle.\n\"${SYSTEM_DEVELOPER_DIR}/Tools/RunUnitTests\"\n";
		};
/* End PBXShellScriptBuildPhase section */

/* Begin PBXSourcesBuildPhase section */
		63735FF01710109B002F8A65 /* Sources */ = {
			isa = PBXSourcesBuildPhase;
			buildActionMask = 2147483647;
			files = (
				637360041710109C002F8A65 /* main.m in Sources */,
				637360081710109C002F8A65 /* AppDelegate.m in Sources */,
				637360141710109D002F8A65 /* MainView.m in Sources */,
				6373603817101229002F8A65 /* CamView.mm in Sources */,
				630570A21710DBAC00FCB6A2 /* SoundView.m in Sources */,
			);
			runOnlyForDeploymentPostprocessing = 0;
		};
		637360151710109D002F8A65 /* Sources */ = {
			isa = PBXSourcesBuildPhase;
			buildActionMask = 2147483647;
			files = (
				637360291710109D002F8A65 /* HomesterTests.m in Sources */,
			);
			runOnlyForDeploymentPostprocessing = 0;
		};
/* End PBXSourcesBuildPhase section */

/* Begin PBXTargetDependency section */
		637360201710109D002F8A65 /* PBXTargetDependency */ = {
			isa = PBXTargetDependency;
			target = 63735FF31710109B002F8A65 /* Homester */;
			targetProxy = 6373601F1710109D002F8A65 /* PBXContainerItemProxy */;
		};
/* End PBXTargetDependency section */

/* Begin PBXVariantGroup section */
		637360001710109C002F8A65 /* InfoPlist.strings */ = {
			isa = PBXVariantGroup;
			children = (
				637360011710109C002F8A65 /* en */,
			);
			name = InfoPlist.strings;
			sourceTree = "<group>";
		};
		6373600F1710109D002F8A65 /* MainStoryboard.storyboard */ = {
			isa = PBXVariantGroup;
			children = (
				637360101710109D002F8A65 /* en */,
			);
			name = MainStoryboard.storyboard;
			sourceTree = "<group>";
		};
		637360241710109D002F8A65 /* InfoPlist.strings */ = {
			isa = PBXVariantGroup;
			children = (
				637360251710109D002F8A65 /* en */,
			);
			name = InfoPlist.strings;
			sourceTree = "<group>";
		};
/* End PBXVariantGroup section */

/* Begin XCBuildConfiguration section */
		6373602A1710109D002F8A65 /* Debug */ = {
			isa = XCBuildConfiguration;
			buildSettings = {
				ALWAYS_SEARCH_USER_PATHS = NO;
				CLANG_CXX_LANGUAGE_STANDARD = "gnu++0x";
				CLANG_CXX_LIBRARY = "libc++";
				CLANG_ENABLE_OBJC_ARC = YES;
				CLANG_WARN_CONSTANT_CONVERSION = YES;
				CLANG_WARN_EMPTY_BODY = YES;
				CLANG_WARN_ENUM_CONVERSION = YES;
				CLANG_WARN_INT_CONVERSION = YES;
				CLANG_WARN__DUPLICATE_METHOD_MATCH = YES;
				"CODE_SIGN_IDENTITY[sdk=iphoneos*]" = "iPhone Developer";
				COPY_PHASE_STRIP = NO;
				GCC_C_LANGUAGE_STANDARD = gnu99;
				GCC_DYNAMIC_NO_PIC = NO;
				GCC_OPTIMIZATION_LEVEL = 0;
				GCC_PREPROCESSOR_DEFINITIONS = (
					"DEBUG=1",
					"$(inherited)",
				);
				GCC_SYMBOLS_PRIVATE_EXTERN = NO;
				GCC_WARN_ABOUT_RETURN_TYPE = YES;
				GCC_WARN_UNINITIALIZED_AUTOS = YES;
				GCC_WARN_UNUSED_VARIABLE = YES;
				IPHONEOS_DEPLOYMENT_TARGET = 6.1;
				ONLY_ACTIVE_ARCH = YES;
				SDKROOT = iphoneos;
			};
			name = Debug;
		};
		6373602B1710109D002F8A65 /* Release */ = {
			isa = XCBuildConfiguration;
			buildSettings = {
				ALWAYS_SEARCH_USER_PATHS = NO;
				CLANG_CXX_LANGUAGE_STANDARD = "gnu++0x";
				CLANG_CXX_LIBRARY = "libc++";
				CLANG_ENABLE_OBJC_ARC = YES;
				CLANG_WARN_CONSTANT_CONVERSION = YES;
				CLANG_WARN_EMPTY_BODY = YES;
				CLANG_WARN_ENUM_CONVERSION = YES;
				CLANG_WARN_INT_CONVERSION = YES;
				CLANG_WARN__DUPLICATE_METHOD_MATCH = YES;
				"CODE_SIGN_IDENTITY[sdk=iphoneos*]" = "iPhone Developer";
				COPY_PHASE_STRIP = YES;
				GCC_C_LANGUAGE_STANDARD = gnu99;
				GCC_WARN_ABOUT_RETURN_TYPE = YES;
				GCC_WARN_UNINITIALIZED_AUTOS = YES;
				GCC_WARN_UNUSED_VARIABLE = YES;
				IPHONEOS_DEPLOYMENT_TARGET = 6.1;
				OTHER_CFLAGS = "-DNS_BLOCK_ASSERTIONS=1";
				SDKROOT = iphoneos;
				VALIDATE_PRODUCT = YES;
			};
			name = Release;
		};
		6373602D1710109D002F8A65 /* Debug */ = {
			isa = XCBuildConfiguration;
			buildSettings = {
				CODE_SIGN_IDENTITY = "iPhone Developer";
				"CODE_SIGN_IDENTITY[sdk=iphoneos*]" = "iPhone Developer";
				FRAMEWORK_SEARCH_PATHS = (
					"$(inherited)",
					"\"$(SRCROOT)\"",
					"\"$(SRCROOT)/Homester/Framework\"",
				);
				GCC_PRECOMPILE_PREFIX_HEADER = YES;
				GCC_PREFIX_HEADER = "Homester/Homester-Prefix.pch";
				INFOPLIST_FILE = "Homester/Homester-Info.plist";
				PRODUCT_NAME = "$(TARGET_NAME)";
				PROVISIONING_PROFILE = "";
				"PROVISIONING_PROFILE[sdk=iphoneos*]" = "";
				WRAPPER_EXTENSION = app;
			};
			name = Debug;
		};
		6373602E1710109D002F8A65 /* Release */ = {
			isa = XCBuildConfiguration;
			buildSettings = {
				CODE_SIGN_IDENTITY = "iPhone Developer";
				"CODE_SIGN_IDENTITY[sdk=iphoneos*]" = "iPhone Developer";
				FRAMEWORK_SEARCH_PATHS = (
					"$(inherited)",
					"\"$(SRCROOT)\"",
					"\"$(SRCROOT)/Homester/Framework\"",
				);
				GCC_PRECOMPILE_PREFIX_HEADER = YES;
				GCC_PREFIX_HEADER = "Homester/Homester-Prefix.pch";
				INFOPLIST_FILE = "Homester/Homester-Info.plist";
				PRODUCT_NAME = "$(TARGET_NAME)";
				PROVISIONING_PROFILE = "";
				"PROVISIONING_PROFILE[sdk=iphoneos*]" = "";
				WRAPPER_EXTENSION = app;
			};
			name = Release;
		};
		637360301710109D002F8A65 /* Debug */ = {
			isa = XCBuildConfiguration;
			buildSettings = {
				BUNDLE_LOADER = "$(BUILT_PRODUCTS_DIR)/Homester.app/Homester";
				FRAMEWORK_SEARCH_PATHS = (
					"\"$(SDKROOT)/Developer/Library/Frameworks\"",
					"\"$(DEVELOPER_LIBRARY_DIR)/Frameworks\"",
					"\"$(SRCROOT)/Homester/Framework\"",
				);
				GCC_PRECOMPILE_PREFIX_HEADER = YES;
				GCC_PREFIX_HEADER = "Homester/Homester-Prefix.pch";
				INFOPLIST_FILE = "HomesterTests/HomesterTests-Info.plist";
				PRODUCT_NAME = "$(TARGET_NAME)";
				TEST_HOST = "$(BUNDLE_LOADER)";
				WRAPPER_EXTENSION = octest;
			};
			name = Debug;
		};
		637360311710109D002F8A65 /* Release */ = {
			isa = XCBuildConfiguration;
			buildSettings = {
				BUNDLE_LOADER = "$(BUILT_PRODUCTS_DIR)/Homester.app/Homester";
				FRAMEWORK_SEARCH_PATHS = (
					"\"$(SDKROOT)/Developer/Library/Frameworks\"",
					"\"$(DEVELOPER_LIBRARY_DIR)/Frameworks\"",
					"\"$(SRCROOT)/Homester/Framework\"",
				);
				GCC_PRECOMPILE_PREFIX_HEADER = YES;
				GCC_PREFIX_HEADER = "Homester/Homester-Prefix.pch";
				INFOPLIST_FILE = "HomesterTests/HomesterTests-Info.plist";
				PRODUCT_NAME = "$(TARGET_NAME)";
				TEST_HOST = "$(BUNDLE_LOADER)";
				WRAPPER_EXTENSION = octest;
			};
			name = Release;
		};
/* End XCBuildConfiguration section */

/* Begin XCConfigurationList section */
		63735FEF1710109B002F8A65 /* Build configuration list for PBXProject "Homester" */ = {
			isa = XCConfigurationList;
			buildConfigurations = (
				6373602A1710109D002F8A65 /* Debug */,
				6373602B1710109D002F8A65 /* Release */,
			);
			defaultConfigurationIsVisible = 0;
			defaultConfigurationName = Release;
		};
		6373602C1710109D002F8A65 /* Build configuration list for PBXNativeTarget "Homester" */ = {
			isa = XCConfigurationList;
			buildConfigurations = (
				6373602D1710109D002F8A65 /* Debug */,
				6373602E1710109D002F8A65 /* Release */,
			);
			defaultConfigurationIsVisible = 0;
			defaultConfigurationName = Release;
		};
		6373602F1710109D002F8A65 /* Build configuration list for PBXNativeTarget "HomesterTests" */ = {
			isa = XCConfigurationList;
			buildConfigurations = (
				637360301710109D002F8A65 /* Debug */,
				637360311710109D002F8A65 /* Release */,
			);
			defaultConfigurationIsVisible = 0;
			defaultConfigurationName = Release;
		};
/* End XCConfigurationList section */
	};
	rootObject = 63735FEC1710109B002F8A65 /* Project object */;
}
